{
    "_meta": {
        "hash": {
            "sha256": "38f8917aa253304119fd17a995dfa49ca200ac4efde3fdfe67eb4e687ce9327c"
        },
        "pipfile-spec": 6,
        "requires": {
            "python_version": "3.7"
        },
        "sources": [
            {
                "name": "pypi",
                "url": "https://pypi.org/simple",
                "verify_ssl": true
            }
        ]
    },
    "default": {
        "docopt": {
            "hashes": [
                "sha256:49b3a825280bd66b3aa83585ef59c4a8c82f2c8a522dbe754a8bc8d08c85c491"
            ],
            "version": "==0.6.2"
        },
        "mako": {
            "hashes": [
                "sha256:04092940c0df49b01f43daea4f5adcecd0e50ef6a4b222be5ac003d5d84b2843"
            ],
            "version": "==1.0.8"
        },
        "markupsafe": {
            "hashes": [
                "sha256:00bc623926325b26bb9605ae9eae8a215691f33cae5df11ca5424f06f2d1f473",
                "sha256:09027a7803a62ca78792ad89403b1b7a73a01c8cb65909cd876f7fcebd79b161",
                "sha256:09c4b7f37d6c648cb13f9230d847adf22f8171b1ccc4d5682398e77f40309235",
                "sha256:1027c282dad077d0bae18be6794e6b6b8c91d58ed8a8d89a89d59693b9131db5",
                "sha256:24982cc2533820871eba85ba648cd53d8623687ff11cbb805be4ff7b4c971aff",
                "sha256:29872e92839765e546828bb7754a68c418d927cd064fd4708fab9fe9c8bb116b",
                "sha256:43a55c2930bbc139570ac2452adf3d70cdbb3cfe5912c71cdce1c2c6bbd9c5d1",
                "sha256:46c99d2de99945ec5cb54f23c8cd5689f6d7177305ebff350a58ce5f8de1669e",
                "sha256:500d4957e52ddc3351cabf489e79c91c17f6e0899158447047588650b5e69183",
                "sha256:535f6fc4d397c1563d08b88e485c3496cf5784e927af890fb3c3aac7f933ec66",
                "sha256:62fe6c95e3ec8a7fad637b7f3d372c15ec1caa01ab47926cfdf7a75b40e0eac1",
                "sha256:6dd73240d2af64df90aa7c4e7481e23825ea70af4b4922f8ede5b9e35f78a3b1",
                "sha256:717ba8fe3ae9cc0006d7c451f0bb265ee07739daf76355d06366154ee68d221e",
                "sha256:79855e1c5b8da654cf486b830bd42c06e8780cea587384cf6545b7d9ac013a0b",
                "sha256:7c1699dfe0cf8ff607dbdcc1e9b9af1755371f92a68f706051cc8c37d447c905",
                "sha256:88e5fcfb52ee7b911e8bb6d6aa2fd21fbecc674eadd44118a9cc3863f938e735",
                "sha256:8defac2f2ccd6805ebf65f5eeb132adcf2ab57aa11fdf4c0dd5169a004710e7d",
                "sha256:98c7086708b163d425c67c7a91bad6e466bb99d797aa64f965e9d25c12111a5e",
                "sha256:9add70b36c5666a2ed02b43b335fe19002ee5235efd4b8a89bfcf9005bebac0d",
                "sha256:9bf40443012702a1d2070043cb6291650a0841ece432556f784f004937f0f32c",
                "sha256:ade5e387d2ad0d7ebf59146cc00c8044acbd863725f887353a10df825fc8ae21",
                "sha256:b00c1de48212e4cc9603895652c5c410df699856a2853135b3967591e4beebc2",
                "sha256:b1282f8c00509d99fef04d8ba936b156d419be841854fe901d8ae224c59f0be5",
                "sha256:b2051432115498d3562c084a49bba65d97cf251f5a331c64a12ee7e04dacc51b",
                "sha256:ba59edeaa2fc6114428f1637ffff42da1e311e29382d81b339c1817d37ec93c6",
                "sha256:c8716a48d94b06bb3b2524c2b77e055fb313aeb4ea620c8dd03a105574ba704f",
                "sha256:cd5df75523866410809ca100dc9681e301e3c27567cf498077e8551b6d20e42f",
                "sha256:e249096428b3ae81b08327a63a485ad0878de3fb939049038579ac0ef61e17e7"
            ],
            "version": "==1.1.1"
        },
        "maze": {
            "hashes": [
                "sha256:e2ceb5ea5e25a7a87134b5ff3779e6b362980fa5895e0bb77fce4449d6fc5693"
            ],
            "index": "pypi",
            "version": "==1.3"
        },
        "pillow": {
            "hashes": [
                "sha256:15c056bfa284c30a7f265a41ac4cbbc93bdbfc0dfe0613b9cb8a8581b51a9e55",
                "sha256:1a4e06ba4f74494ea0c58c24de2bb752818e9d504474ec95b0aa94f6b0a7e479",
                "sha256:1c3c707c76be43c9e99cb7e3d5f1bee1c8e5be8b8a2a5eeee665efbf8ddde91a",
                "sha256:1fd0b290203e3b0882d9605d807b03c0f47e3440f97824586c173eca0aadd99d",
                "sha256:24114e4a6e1870c5a24b1da8f60d0ba77a0b4027907860188ea82bd3508c80eb",
                "sha256:258d886a49b6b058cd7abb0ab4b2b85ce78669a857398e83e8b8e28b317b5abb",
                "sha256:33c79b6dd6bc7f65079ab9ca5bebffb5f5d1141c689c9c6a7855776d1b09b7e8",
                "sha256:367385fc797b2c31564c427430c7a8630db1a00bd040555dfc1d5c52e39fcd72",
                "sha256:3c1884ff078fb8bf5f63d7d86921838b82ed4a7d0c027add773c2f38b3168754",
                "sha256:44e5240e8f4f8861d748f2a58b3f04daadab5e22bfec896bf5434745f788f33f",
                "sha256:46aa988e15f3ea72dddd81afe3839437b755fffddb5e173886f11460be909dce",
                "sha256:74d90d499c9c736d52dd6d9b7221af5665b9c04f1767e35f5dd8694324bd4601",
                "sha256:809c0a2ce9032cbcd7b5313f71af4bdc5c8c771cb86eb7559afd954cab82ebb5",
                "sha256:85d1ef2cdafd5507c4221d201aaf62fc9276f8b0f71bd3933363e62a33abc734",
                "sha256:8c3889c7681af77ecfa4431cd42a2885d093ecb811e81fbe5e203abc07e0995b",
                "sha256:9218d81b9fca98d2c47d35d688a0cea0c42fd473159dfd5612dcb0483c63e40b",
                "sha256:9aa4f3827992288edd37c9df345783a69ef58bd20cc02e64b36e44bcd157bbf1",
                "sha256:9d80f44137a70b6f84c750d11019a3419f409c944526a95219bea0ac31f4dd91",
                "sha256:b7ebd36128a2fe93991293f997e44be9286503c7530ace6a55b938b20be288d8",
                "sha256:c4c78e2c71c257c136cdd43869fd3d5e34fc2162dc22e4a5406b0ebe86958239",
                "sha256:c6a842537f887be1fe115d8abb5daa9bc8cc124e455ff995830cc785624a97af",
                "sha256:cf0a2e040fdf5a6d95f4c286c6ef1df6b36c218b528c8a9158ec2452a804b9b8",
                "sha256:cfd28aad6fc61f7a5d4ee556a997dc6e5555d9381d1390c00ecaf984d57e4232",
                "sha256:dca5660e25932771460d4688ccbb515677caaf8595f3f3240ec16c117deff89a",
                "sha256:de7aedc85918c2f887886442e50f52c1b93545606317956d65f342bd81cb4fc3",
                "sha256:e6c0bbf8e277b74196e3140c35f9a1ae3eafd818f7f2d3a15819c49135d6c062"
            ],
            "version": "==6.0.0"
        },
        "pygame": {
            "hashes": [
                "sha256:0043bee7ebe5f1afc188db1c34fae57559ce6555939195b6a42fbdc1950c1b3c",
                "sha256:0d5893bab526ce73d8bda22e0c43f24c2cfddeae489d0eca576199975ecb2246",
                "sha256:28dda1b4038cbb710ee8ffa4df8234f8579b6b965a1f8a2434e8dea4914b139c",
                "sha256:3baa3aa5d90eda8d54f56caff1a1c80258ebfa328241b5da92ba3fc993a86bdd",
                "sha256:42c9bf49926826fac26827b87d278408998eb4638bdd5d64c14fdeb28ee3ebcc",
                "sha256:4b3c01b2974de23873da78daad28d1a5d57c149b5009ae3631e220b9999b9b35",
                "sha256:4b4f687d5772b0373fd976a0f013059cba3819f699837b82540d51315b9b6d46",
                "sha256:6a50a4296a6969d80173ec7d414cd09718cdc3f7a69bd41514369b3a3a742c0f",
                "sha256:7c8c8e2b837f95a4b284d9baae695b05f9f24e1ab9ebc1ea0a3088c1c6dcf30c",
                "sha256:8f64c2668cc14d376ea095819136e6b825e3b7080370fe0abf2a77e8a99e6d56",
                "sha256:9ba33f4fedb4c6d9cdd2d32b6dfc5e58edebb692371205af6054dc5f6ca5abdd",
                "sha256:a119b1bd7cb37d804aa7293cb835e14e2649ecd58768fd2dcbfd2da294d7d60b",
                "sha256:a43609c9637ab66c10bef66d76435211d44a0d03f6519121f79c7ab1734a4d03",
                "sha256:b16231466cddc9c55b9d6e006f1c6b5be2ef2dbe5b6516531513d5f427f88dd1",
                "sha256:b2161c86003d264f94249c064395d984cb3eb86974be8b3ebebcdd56ee633352",
                "sha256:b62afb88435d2aa80a47b372f99ad74750c81d924abf3bf44a900991ce02bf0a",
                "sha256:cd7fcdc4a8ec7110866580e84945d550c7652c105838a155fac3252a02580480",
                "sha256:d01c43550ef837a68bb3141e72d89ebaf9bcdc005158f265c348b5dbce81d308",
                "sha256:d15e7238015095a12c19379565a66285e989fdcb3807ec360b27338cd8bdaf05",
                "sha256:d560fd5efd6b887a2f7eb30f61e383a7edbe8a1afe5d5fb7b857315372de359f",
                "sha256:ef17614d4411a4eadea941245ae3112dbd134c97b0d29bfc86948961818057ec",
                "sha256:f0eee24dcb8d58d95eb47d946d18354f9720e4dfb0c4b1c59fffcec3ddaf0ebe",
                "sha256:f7bfaf75e35f6d1093cf05f161667fae0d158cd3cc13c9e8c97d0c4b2a12e397",
                "sha256:fc8bda436482458412d01e595e7a88dd777416d422ff1e45b9a6d96287806255"
            ],
            "index": "pypi",
            "version": "==1.9.5"
        },
        "reportlab": {
            "hashes": [
                "sha256:063a4b9b269883e1ad69f17319a13bce29eb64b4ea83be0ca72f3c7e16eb82c5",
                "sha256:083d545873ee1d42f2489ad7a28de68ac1cd8b347f2909b58bf52e0b47c1db78",
                "sha256:11f7a4f42078ed7a1555ee4ec4ce9f1ee0c693c81cbec141ed9472efeac39d72",
                "sha256:2815d86bfcf113b357cae00886d94ceb84503d076d4840acdf20eb7bb18239e5",
                "sha256:28d2df4e6c82eda1decc9fd5ac8a92f11e3b589466aa0dfb5eecf2a6b37cc8b1",
                "sha256:348d8940ebcb3d387553a7d671621c5e191ddba54f52003d8f4762d599b8d1f1",
                "sha256:35a9ef0f962fa6cf0220bcb1784e803920ca133d1ca085f34bdf61c36a537ea0",
                "sha256:37c0678254aca7f9e18b8b3c60d6da19349b3149927026ce9578752b2bf831ac",
                "sha256:52c0e367ee6273499f1aa29a830e2a3abceae44446398f935774cfbce0fe0b6b",
                "sha256:534827c3dd5844340eb4ec61a754471a0fef3fd2e1f342ad9452b034529ce340",
                "sha256:577281844053e312cb90b29ea440ec6543416b3361833773a7eaadc361a25376",
                "sha256:58e4af53c64ec3b9c226d6c4e0bac5ec89a556fefc58eb058c9a5429385e4c84",
                "sha256:61c89741b03b6e5f434b41d8659d1a7df38b635bf09269abae1b00ee5cc77e24",
                "sha256:78f2ac8dc47c0cfbc3824aa3fc83ab8aa1e1f3a11803123f7a08170374c68b17",
                "sha256:7c66fbd111fb83b760a88d1b1bef9afb77d4c940c79e1c1e119f202be75e2d99",
                "sha256:8659c9fd61a042b47714dc3f637dfb3bff59396890386ae7a1c383ae3b76b206",
                "sha256:92113dcb7d98aa838782510a4f5654c7f6596e3560a0a4cf8f3eff141126e95a",
                "sha256:99d74fffc201a3bd4b603cc27901917c283e6deed1c8bf7c65d14ac1fb78f5e3",
                "sha256:9b9bdb2a9f7e35e8ad98fb06e7609616b7cfcdd510f55dcaf0335092ecdcb2ac",
                "sha256:9e6fc073ff383ef09ca67f0cc7028dfe96bd022d6117ff7d2586ea8ca7cd7a30",
                "sha256:a06e5c6873b420fe644cc813c660a64fbf4237be62b01576f32a305226bccfef",
                "sha256:a51c683366d4d46ae713d1395c5bc4d53f20943aa77e3590f7bbc3b374a3ff91",
                "sha256:a9b8f13783a83c82b33c3d7d175ff5b06c8b61e59bc0cd63965bc12d5328fbb8",
                "sha256:cdc4de4cd6041eda1624247949c689a17459394004572ff1fe14aa4ba7ad0b6a",
                "sha256:cf046304bea0e8b4574f3d500e15b119149d469dd3b17fec1b8005bdb0d6b8e6",
                "sha256:dc0cab2145fef216d3cf0577eca8780928fad7f021123eaa9ca2287f436754cc",
                "sha256:fad3a0fe7e616b064ddf5ad9f248eeb25e17f65cde204869f8d9a8c45ef17027",
                "sha256:fe276cd644e1e669613dc73fe6f7501c26e671d009d2329f774df578adc8000e"
            ],
            "version": "==3.5.18"
        }
    },
    "develop": {
        "entrypoints": {
            "hashes": [
                "sha256:589f874b313739ad35be6e0cd7efde2a4e9b6fea91edcc34e58ecbb8dbe56d19",
                "sha256:c70dd71abe5a8c85e55e12c19bd91ccfeec11a6e99044204511f9ed547d48451"
            ],
            "version": "==0.3"
        },
        "flake8": {
            "hashes": [
                "sha256:859996073f341f2670741b51ec1e67a01da142831aa1fdc6242dbf88dffbe661",
                "sha256:a796a115208f5c03b18f332f7c11729812c8c3ded6c46319c59b53efd3819da8"
            ],
            "index": "pypi",
            "version": "==3.7.7"
        },
        "mccabe": {
            "hashes": [
                "sha256:ab8a6258860da4b6677da4bd2fe5dc2c659cff31b3ee4f7f5d64e79735b80d42",
                "sha256:dd8d182285a0fe56bace7f45b5e7d1a6ebcbf524e8f3bd87eb0f125271b8831f"
            ],
            "version": "==0.6.1"
        },
        "pycodestyle": {
            "hashes": [
                "sha256:95a2219d12372f05704562a14ec30bc76b05a5b297b21a5dfe3f6fac3491ae56",
                "sha256:e40a936c9a450ad81df37f549d676d127b1b66000a6c500caa2b085bc0ca976c"
            ],
            "version": "==2.5.0"
        },
        "pyflakes": {
            "hashes": [
                "sha256:17dbeb2e3f4d772725c777fabc446d5634d1038f234e77343108ce445ea69ce0",
                "sha256:d976835886f8c5b31d47970ed689944a0262b5f3afa00a5a7b4dc81e5449f8a2"
            ],
            "version": "==2.1.1"
        }
    }
}
